
Microsoft Visual Studio Solution File, Format Version 12.00
# Visual Studio Version 16
VisualStudioVersion = 16.0.29709.97
MinimumVisualStudioVersion = 10.0.40219.1
Project("{FAE04EC0-301F-11D3-BF4B-00C04F79EFBC}") = "FormRecognizer", "FormRecognizer\FormRecognizer.csproj", "{969710C2-5CD7-426E-AEA9-25F04019C0E8}"
EndProject
Global
	GlobalSection(SolutionConfigurationPlatforms) = preSolution
		Debug|Any CPU = Debug|Any CPU
		Release|Any CPU = Release|Any CPU
	EndGlobalSection
	GlobalSection(ProjectConfigurationPlatforms) = postSolution
		{969710C2-5CD7-426E-AEA9-25F04019C0E8}.Debug|Any CPU.ActiveCfg = Debug|Any CPU
		{969710C2-5CD7-426E-AEA9-25F04019C0E8}.Debug|Any CPU.Build.0 = Debug|Any CPU
		{969710C2-5CD7-426E-AEA9-25F04019C0E8}.Release|Any CPU.ActiveCfg = Release|Any CPU
		{969710C2-5CD7-426E-AEA9-25F04019C0E8}.Release|Any CPU.Build.0 = Release|Any CPU
	EndGlobalSection
	GlobalSection(SolutionProperties) = preSolution
		HideSolutionNode = FALSE
	EndGlobalSection
	GlobalSection(ExtensibilityGlobals) = postSolution
		SolutionGuid = {7EE2B8A8-E199-419E-A587-C9B0A301E4D1}
	EndGlobalSection
EndGlobal
